
Microsoft Visual Studio Solution File, Format Version 12.00
# Visual Studio Version 17
VisualStudioVersion = 17.3.32929.385
MinimumVisualStudioVersion = 10.0.40219.1
Project("{FAE04EC0-301F-11D3-BF4B-00C04F79EFBC}") = "OBSKeyBoard-SB00", "OBSKeyBoard-SB00\OBSKeyBoard-SB00.csproj", "{BE4ABBF3-9178-4EF2-85CE-B7E1D2A4E109}"
EndProject
Global
	GlobalSection(SolutionConfigurationPlatforms) = preSolution
		Debug|Any CPU = Debug|Any CPU
		Release|Any CPU = Release|Any CPU
	EndGlobalSection
	GlobalSection(ProjectConfigurationPlatforms) = postSolution
		{BE4ABBF3-9178-4EF2-85CE-B7E1D2A4E109}.Debug|Any CPU.ActiveCfg = Debug|Any CPU
		{BE4ABBF3-9178-4EF2-85CE-B7E1D2A4E109}.Debug|Any CPU.Build.0 = Debug|Any CPU
		{BE4ABBF3-9178-4EF2-85CE-B7E1D2A4E109}.Release|Any CPU.ActiveCfg = Release|Any CPU
		{BE4ABBF3-9178-4EF2-85CE-B7E1D2A4E109}.Release|Any CPU.Build.0 = Release|Any CPU
	EndGlobalSection
	GlobalSection(SolutionProperties) = preSolution
		HideSolutionNode = FALSE
	EndGlobalSection
	GlobalSection(ExtensibilityGlobals) = postSolution
		SolutionGuid = {8B6DE54F-352D-4C1B-928B-C18C16E6BDBF}
	EndGlobalSection
EndGlobal
