
Microsoft Visual Studio Solution File, Format Version 12.00
# Visual Studio Version 17
VisualStudioVersion = 17.1.32421.90
MinimumVisualStudioVersion = 10.0.40219.1
Project("{FAE04EC0-301F-11D3-BF4B-00C04F79EFBC}") = "ObsKeyBoardClient", "ObsKeyBoardClient\ObsKeyBoardClient.csproj", "{FC0184B1-9885-4B15-8B4A-9DD4E2A88169}"
EndProject
Global
	GlobalSection(SolutionConfigurationPlatforms) = preSolution
		Debug|Any CPU = Debug|Any CPU
		Release|Any CPU = Release|Any CPU
	EndGlobalSection
	GlobalSection(ProjectConfigurationPlatforms) = postSolution
		{FC0184B1-9885-4B15-8B4A-9DD4E2A88169}.Debug|Any CPU.ActiveCfg = Debug|Any CPU
		{FC0184B1-9885-4B15-8B4A-9DD4E2A88169}.Debug|Any CPU.Build.0 = Debug|Any CPU
		{FC0184B1-9885-4B15-8B4A-9DD4E2A88169}.Release|Any CPU.ActiveCfg = Release|Any CPU
		{FC0184B1-9885-4B15-8B4A-9DD4E2A88169}.Release|Any CPU.Build.0 = Release|Any CPU
	EndGlobalSection
	GlobalSection(SolutionProperties) = preSolution
		HideSolutionNode = FALSE
	EndGlobalSection
	GlobalSection(ExtensibilityGlobals) = postSolution
		SolutionGuid = {9B0F237C-5700-451E-9FFF-02616956D4FA}
	EndGlobalSection
EndGlobal
